
Microsoft Visual Studio Solution File, Format Version 12.00
# Visual Studio 15
VisualStudioVersion = 15.0.27004.2005
MinimumVisualStudioVersion = 10.0.40219.1
Project("{FAE04EC0-301F-11D3-BF4B-00C04F79EFBC}") = "ChainOfResponsibility", "ChainOfResponsibility\ChainOfResponsibility.csproj", "{45DCEC23-DD4D-4BFC-B440-0099E5632724}"
EndProject
Project("{FAE04EC0-301F-11D3-BF4B-00C04F79EFBC}") = "Mediator", "Mediator\Mediator.csproj", "{83DA2212-302F-44D2-8D23-F25C9253F83B}"
EndProject
Global
	GlobalSection(SolutionConfigurationPlatforms) = preSolution
		Debug|Any CPU = Debug|Any CPU
		Release|Any CPU = Release|Any CPU
	EndGlobalSection
	GlobalSection(ProjectConfigurationPlatforms) = postSolution
		{45DCEC23-DD4D-4BFC-B440-0099E5632724}.Debug|Any CPU.ActiveCfg = Debug|Any CPU
		{45DCEC23-DD4D-4BFC-B440-0099E5632724}.Debug|Any CPU.Build.0 = Debug|Any CPU
		{45DCEC23-DD4D-4BFC-B440-0099E5632724}.Release|Any CPU.ActiveCfg = Release|Any CPU
		{45DCEC23-DD4D-4BFC-B440-0099E5632724}.Release|Any CPU.Build.0 = Release|Any CPU
		{83DA2212-302F-44D2-8D23-F25C9253F83B}.Debug|Any CPU.ActiveCfg = Debug|Any CPU
		{83DA2212-302F-44D2-8D23-F25C9253F83B}.Debug|Any CPU.Build.0 = Debug|Any CPU
		{83DA2212-302F-44D2-8D23-F25C9253F83B}.Release|Any CPU.ActiveCfg = Release|Any CPU
		{83DA2212-302F-44D2-8D23-F25C9253F83B}.Release|Any CPU.Build.0 = Release|Any CPU
	EndGlobalSection
	GlobalSection(SolutionProperties) = preSolution
		HideSolutionNode = FALSE
	EndGlobalSection
	GlobalSection(ExtensibilityGlobals) = postSolution
		SolutionGuid = {C50AFAE3-C225-4D61-9501-2E5574D7602D}
	EndGlobalSection
EndGlobal
